// !$*UTF8*$!
{
	archiveVersion = 1;
	classes = {
	};
	objectVersion = 46;
	objects = {

/* Begin PBXBuildFile section */
		E923CC9D19AACCF600786723 /* JSONTransport.swift in Sources */ = {isa = PBXBuildFile; fileRef = E923CC9C19AACCF600786723 /* JSONTransport.swift */; };
		E9289DF519AA20A0009A645A /* env in Resources */ = {isa = PBXBuildFile; fileRef = E9289DF419AA20A0009A645A /* env */; };
		E95BD51719A451C1006EB0EB /* HoisinTask.swift in Sources */ = {isa = PBXBuildFile; fileRef = E95BD51619A451C1006EB0EB /* HoisinTask.swift */; };
		E9BC4C0719A36F9D00E7CA90 /* main.swift in Sources */ = {isa = PBXBuildFile; fileRef = E9BC4C0619A36F9D00E7CA90 /* main.swift */; };
		E9BC4C0919A36F9D00E7CA90 /* Document.swift in Sources */ = {isa = PBXBuildFile; fileRef = E9BC4C0819A36F9D00E7CA90 /* Document.swift */; };
		E9BC4C0C19A36F9D00E7CA90 /* Document.xib in Resources */ = {isa = PBXBuildFile; fileRef = E9BC4C0A19A36F9D00E7CA90 /* Document.xib */; };
		E9BC4C0E19A36F9D00E7CA90 /* Images.xcassets in Resources */ = {isa = PBXBuildFile; fileRef = E9BC4C0D19A36F9D00E7CA90 /* Images.xcassets */; };
		E9BC4C1119A36F9D00E7CA90 /* MainMenu.xib in Resources */ = {isa = PBXBuildFile; fileRef = E9BC4C0F19A36F9D00E7CA90 /* MainMenu.xib */; };
		E9BC4C2919A371C300E7CA90 /* ui in Resources */ = {isa = PBXBuildFile; fileRef = E9BC4C2819A371C300E7CA90 /* ui */; };
		E9BC4C2B19A373A900E7CA90 /* WebKit.framework in Frameworks */ = {isa = PBXBuildFile; fileRef = E9BC4C2A19A373A900E7CA90 /* WebKit.framework */; };
		E9E646C819A8D8420016097B /* childCatcher.swift in Sources */ = {isa = PBXBuildFile; fileRef = E9E646C719A8D8420016097B /* childCatcher.swift */; };
		E9FE8E9E19A8410F00FFA917 /* withCStrings.swift in Sources */ = {isa = PBXBuildFile; fileRef = E9FE8E9D19A8410F00FFA917 /* withCStrings.swift */; };
/* End PBXBuildFile section */

/* Begin PBXFileReference section */
		E923CC9C19AACCF600786723 /* JSONTransport.swift */ = {isa = PBXFileReference; fileEncoding = 4; lastKnownFileType = sourcecode.swift; path = JSONTransport.swift; sourceTree = "<group>"; };
		E9289DF419AA20A0009A645A /* env */ = {isa = PBXFileReference; lastKnownFileType = folder; path = env; sourceTree = "<group>"; };
		E95BD51619A451C1006EB0EB /* HoisinTask.swift */ = {isa = PBXFileReference; fileEncoding = 4; lastKnownFileType = sourcecode.swift; path = HoisinTask.swift; sourceTree = "<group>"; };
		E9BC4C0119A36F9D00E7CA90 /* Hoisin.app */ = {isa = PBXFileReference; explicitFileType = wrapper.application; includeInIndex = 0; path = Hoisin.app; sourceTree = BUILT_PRODUCTS_DIR; };
		E9BC4C0519A36F9D00E7CA90 /* Info.plist */ = {isa = PBXFileReference; lastKnownFileType = text.plist.xml; path = Info.plist; sourceTree = "<group>"; };
		E9BC4C0619A36F9D00E7CA90 /* main.swift */ = {isa = PBXFileReference; lastKnownFileType = sourcecode.swift; path = main.swift; sourceTree = "<group>"; };
		E9BC4C0819A36F9D00E7CA90 /* Document.swift */ = {isa = PBXFileReference; lastKnownFileType = sourcecode.swift; path = Document.swift; sourceTree = "<group>"; };
		E9BC4C0B19A36F9D00E7CA90 /* Base */ = {isa = PBXFileReference; lastKnownFileType = file.xib; name = Base; path = Base.lproj/Document.xib; sourceTree = "<group>"; };
		E9BC4C0D19A36F9D00E7CA90 /* Images.xcassets */ = {isa = PBXFileReference; lastKnownFileType = folder.assetcatalog; path = Images.xcassets; sourceTree = "<group>"; };
		E9BC4C1019A36F9D00E7CA90 /* Base */ = {isa = PBXFileReference; lastKnownFileType = file.xib; name = Base; path = Base.lproj/MainMenu.xib; sourceTree = "<group>"; };
		E9BC4C2819A371C300E7CA90 /* ui */ = {isa = PBXFileReference; lastKnownFileType = folder; path = ui; sourceTree = "<group>"; };
		E9BC4C2A19A373A900E7CA90 /* WebKit.framework */ = {isa = PBXFileReference; lastKnownFileType = wrapper.framework; name = WebKit.framework; path = System/Library/Frameworks/WebKit.framework; sourceTree = SDKROOT; };
		E9E646C719A8D8420016097B /* childCatcher.swift */ = {isa = PBXFileReference; fileEncoding = 4; lastKnownFileType = sourcecode.swift; path = childCatcher.swift; sourceTree = "<group>"; };
		E9FE8E9D19A8410F00FFA917 /* withCStrings.swift */ = {isa = PBXFileReference; fileEncoding = 4; lastKnownFileType = sourcecode.swift; path = withCStrings.swift; sourceTree = "<group>"; };
/* End PBXFileReference section */

/* Begin PBXFrameworksBuildPhase section */
		E9BC4BFE19A36F9D00E7CA90 /* Frameworks */ = {
			isa = PBXFrameworksBuildPhase;
			buildActionMask = 2147483647;
			files = (
				E9BC4C2B19A373A900E7CA90 /* WebKit.framework in Frameworks */,
			);
			runOnlyForDeploymentPostprocessing = 0;
		};
/* End PBXFrameworksBuildPhase section */

/* Begin PBXGroup section */
		E9BC4BF819A36F9D00E7CA90 = {
			isa = PBXGroup;
			children = (
				E9BC4C2A19A373A900E7CA90 /* WebKit.framework */,
				E9BC4C0319A36F9D00E7CA90 /* Hoisin */,
				E9BC4C2819A371C300E7CA90 /* ui */,
				E9289DF419AA20A0009A645A /* env */,
				E9BC4C0219A36F9D00E7CA90 /* Products */,
			);
			sourceTree = "<group>";
		};
		E9BC4C0219A36F9D00E7CA90 /* Products */ = {
			isa = PBXGroup;
			children = (
				E9BC4C0119A36F9D00E7CA90 /* Hoisin.app */,
			);
			name = Products;
			sourceTree = "<group>";
		};
		E9BC4C0319A36F9D00E7CA90 /* Hoisin */ = {
			isa = PBXGroup;
			children = (
				E95BD51619A451C1006EB0EB /* HoisinTask.swift */,
				E923CC9C19AACCF600786723 /* JSONTransport.swift */,
				E9BC4C0819A36F9D00E7CA90 /* Document.swift */,
				E9BC4C0A19A36F9D00E7CA90 /* Document.xib */,
				E9BC4C0D19A36F9D00E7CA90 /* Images.xcassets */,
				E9BC4C0F19A36F9D00E7CA90 /* MainMenu.xib */,
				E9BC4C0419A36F9D00E7CA90 /* Supporting Files */,
				E9FE8E9D19A8410F00FFA917 /* withCStrings.swift */,
				E9E646C719A8D8420016097B /* childCatcher.swift */,
			);
			path = Hoisin;
			sourceTree = "<group>";
		};
		E9BC4C0419A36F9D00E7CA90 /* Supporting Files */ = {
			isa = PBXGroup;
			children = (
				E9BC4C0519A36F9D00E7CA90 /* Info.plist */,
				E9BC4C0619A36F9D00E7CA90 /* main.swift */,
			);
			name = "Supporting Files";
			sourceTree = "<group>";
		};
/* End PBXGroup section */

/* Begin PBXNativeTarget section */
		E9BC4C0019A36F9D00E7CA90 /* Hoisin */ = {
			isa = PBXNativeTarget;
			buildConfigurationList = E9BC4C2019A36F9D00E7CA90 /* Build configuration list for PBXNativeTarget "Hoisin" */;
			buildPhases = (
				E9BC4BFD19A36F9D00E7CA90 /* Sources */,
				E9BC4BFE19A36F9D00E7CA90 /* Frameworks */,
				E9BC4BFF19A36F9D00E7CA90 /* Resources */,
			);
			buildRules = (
			);
			dependencies = (
			);
			name = Hoisin;
			productName = Hoisin;
			productReference = E9BC4C0119A36F9D00E7CA90 /* Hoisin.app */;
			productType = "com.apple.product-type.application";
		};
/* End PBXNativeTarget section */

/* Begin PBXProject section */
		E9BC4BF919A36F9D00E7CA90 /* Project object */ = {
			isa = PBXProject;
			attributes = {
				LastUpgradeCheck = 0600;
				ORGANIZATIONNAME = s4y;
				TargetAttributes = {
					E9BC4C0019A36F9D00E7CA90 = {
						CreatedOnToolsVersion = 6.0;
					};
				};
			};
			buildConfigurationList = E9BC4BFC19A36F9D00E7CA90 /* Build configuration list for PBXProject "Hoisin" */;
			compatibilityVersion = "Xcode 3.2";
			developmentRegion = English;
			hasScannedForEncodings = 0;
			knownRegions = (
				en,
				Base,
			);
			mainGroup = E9BC4BF819A36F9D00E7CA90;
			productRefGroup = E9BC4C0219A36F9D00E7CA90 /* Products */;
			projectDirPath = "";
			projectRoot = "";
			targets = (
				E9BC4C0019A36F9D00E7CA90 /* Hoisin */,
			);
		};
/* End PBXProject section */

/* Begin PBXResourcesBuildPhase section */
		E9BC4BFF19A36F9D00E7CA90 /* Resources */ = {
			isa = PBXResourcesBuildPhase;
			buildActionMask = 2147483647;
			files = (
				E9BC4C2919A371C300E7CA90 /* ui in Resources */,
				E9BC4C0C19A36F9D00E7CA90 /* Document.xib in Resources */,
				E9BC4C0E19A36F9D00E7CA90 /* Images.xcassets in Resources */,
				E9BC4C1119A36F9D00E7CA90 /* MainMenu.xib in Resources */,
				E9289DF519AA20A0009A645A /* env in Resources */,
			);
			runOnlyForDeploymentPostprocessing = 0;
		};
/* End PBXResourcesBuildPhase section */

/* Begin PBXSourcesBuildPhase section */
		E9BC4BFD19A36F9D00E7CA90 /* Sources */ = {
			isa = PBXSourcesBuildPhase;
			buildActionMask = 2147483647;
			files = (
				E9FE8E9E19A8410F00FFA917 /* withCStrings.swift in Sources */,
				E923CC9D19AACCF600786723 /* JSONTransport.swift in Sources */,
				E9BC4C0919A36F9D00E7CA90 /* Document.swift in Sources */,
				E9E646C819A8D8420016097B /* childCatcher.swift in Sources */,
				E95BD51719A451C1006EB0EB /* HoisinTask.swift in Sources */,
				E9BC4C0719A36F9D00E7CA90 /* main.swift in Sources */,
			);
			runOnlyForDeploymentPostprocessing = 0;
		};
/* End PBXSourcesBuildPhase section */

/* Begin PBXVariantGroup section */
		E9BC4C0A19A36F9D00E7CA90 /* Document.xib */ = {
			isa = PBXVariantGroup;
			children = (
				E9BC4C0B19A36F9D00E7CA90 /* Base */,
			);
			name = Document.xib;
			sourceTree = "<group>";
		};
		E9BC4C0F19A36F9D00E7CA90 /* MainMenu.xib */ = {
			isa = PBXVariantGroup;
			children = (
				E9BC4C1019A36F9D00E7CA90 /* Base */,
			);
			name = MainMenu.xib;
			sourceTree = "<group>";
		};
/* End PBXVariantGroup section */

/* Begin XCBuildConfiguration section */
		E9BC4C1E19A36F9D00E7CA90 /* Debug */ = {
			isa = XCBuildConfiguration;
			buildSettings = {
				ALWAYS_SEARCH_USER_PATHS = NO;
				CLANG_CXX_LANGUAGE_STANDARD = "gnu++0x";
				CLANG_CXX_LIBRARY = "libc++";
				CLANG_ENABLE_MODULES = YES;
				CLANG_ENABLE_OBJC_ARC = YES;
				CLANG_WARN_BOOL_CONVERSION = YES;
				CLANG_WARN_CONSTANT_CONVERSION = YES;
				CLANG_WARN_DIRECT_OBJC_ISA_USAGE = YES_ERROR;
				CLANG_WARN_EMPTY_BODY = YES;
				CLANG_WARN_ENUM_CONVERSION = YES;
				CLANG_WARN_INT_CONVERSION = YES;
				CLANG_WARN_OBJC_ROOT_CLASS = YES_ERROR;
				CLANG_WARN_UNREACHABLE_CODE = YES;
				CLANG_WARN__DUPLICATE_METHOD_MATCH = YES;
				CODE_SIGN_IDENTITY = "-";
				COPY_PHASE_STRIP = NO;
				ENABLE_STRICT_OBJC_MSGSEND = YES;
				GCC_C_LANGUAGE_STANDARD = gnu99;
				GCC_DYNAMIC_NO_PIC = NO;
				GCC_OPTIMIZATION_LEVEL = 0;
				GCC_PREPROCESSOR_DEFINITIONS = (
					"DEBUG=1",
					"$(inherited)",
				);
				GCC_SYMBOLS_PRIVATE_EXTERN = NO;
				GCC_WARN_64_TO_32_BIT_CONVERSION = YES;
				GCC_WARN_ABOUT_RETURN_TYPE = YES_ERROR;
				GCC_WARN_UNDECLARED_SELECTOR = YES;
				GCC_WARN_UNINITIALIZED_AUTOS = YES_AGGRESSIVE;
				GCC_WARN_UNUSED_FUNCTION = YES;
				GCC_WARN_UNUSED_VARIABLE = YES;
				MACOSX_DEPLOYMENT_TARGET = 10.10;
				MTL_ENABLE_DEBUG_INFO = YES;
				ONLY_ACTIVE_ARCH = YES;
				SDKROOT = macosx;
				SWIFT_OPTIMIZATION_LEVEL = "-Onone";
			};
			name = Debug;
		};
		E9BC4C1F19A36F9D00E7CA90 /* Release */ = {
			isa = XCBuildConfiguration;
			buildSettings = {
				ALWAYS_SEARCH_USER_PATHS = NO;
				CLANG_CXX_LANGUAGE_STANDARD = "gnu++0x";
				CLANG_CXX_LIBRARY = "libc++";
				CLANG_ENABLE_MODULES = YES;
				CLANG_ENABLE_OBJC_ARC = YES;
				CLANG_WARN_BOOL_CONVERSION = YES;
				CLANG_WARN_CONSTANT_CONVERSION = YES;
				CLANG_WARN_DIRECT_OBJC_ISA_USAGE = YES_ERROR;
				CLANG_WARN_EMPTY_BODY = YES;
				CLANG_WARN_ENUM_CONVERSION = YES;
				CLANG_WARN_INT_CONVERSION = YES;
				CLANG_WARN_OBJC_ROOT_CLASS = YES_ERROR;
				CLANG_WARN_UNREACHABLE_CODE = YES;
				CLANG_WARN__DUPLICATE_METHOD_MATCH = YES;
				CODE_SIGN_IDENTITY = "-";
				COPY_PHASE_STRIP = YES;
				DEBUG_INFORMATION_FORMAT = "dwarf-with-dsym";
				ENABLE_NS_ASSERTIONS = NO;
				ENABLE_STRICT_OBJC_MSGSEND = YES;
				GCC_C_LANGUAGE_STANDARD = gnu99;
				GCC_WARN_64_TO_32_BIT_CONVERSION = YES;
				GCC_WARN_ABOUT_RETURN_TYPE = YES_ERROR;
				GCC_WARN_UNDECLARED_SELECTOR = YES;
				GCC_WARN_UNINITIALIZED_AUTOS = YES_AGGRESSIVE;
				GCC_WARN_UNUSED_FUNCTION = YES;
				GCC_WARN_UNUSED_VARIABLE = YES;
				MACOSX_DEPLOYMENT_TARGET = 10.10;
				MTL_ENABLE_DEBUG_INFO = NO;
				SDKROOT = macosx;
			};
			name = Release;
		};
		E9BC4C2119A36F9D00E7CA90 /* Debug */ = {
			isa = XCBuildConfiguration;
			buildSettings = {
				ASSETCATALOG_COMPILER_APPICON_NAME = AppIcon;
				CLANG_ENABLE_MODULES = YES;
				COMBINE_HIDPI_IMAGES = YES;
				INFOPLIST_FILE = Hoisin/Info.plist;
				LD_RUNPATH_SEARCH_PATHS = "$(inherited) @executable_path/../Frameworks";
				PRODUCT_NAME = "$(TARGET_NAME)";
				SWIFT_OPTIMIZATION_LEVEL = "-Onone";
			};
			name = Debug;
		};
		E9BC4C2219A36F9D00E7CA90 /* Release */ = {
			isa = XCBuildConfiguration;
			buildSettings = {
				ASSETCATALOG_COMPILER_APPICON_NAME = AppIcon;
				CLANG_ENABLE_MODULES = YES;
				COMBINE_HIDPI_IMAGES = YES;
				INFOPLIST_FILE = Hoisin/Info.plist;
				LD_RUNPATH_SEARCH_PATHS = "$(inherited) @executable_path/../Frameworks";
				PRODUCT_NAME = "$(TARGET_NAME)";
			};
			name = Release;
		};
/* End XCBuildConfiguration section */

/* Begin XCConfigurationList section */
		E9BC4BFC19A36F9D00E7CA90 /* Build configuration list for PBXProject "Hoisin" */ = {
			isa = XCConfigurationList;
			buildConfigurations = (
				E9BC4C1E19A36F9D00E7CA90 /* Debug */,
				E9BC4C1F19A36F9D00E7CA90 /* Release */,
			);
			defaultConfigurationIsVisible = 0;
			defaultConfigurationName = Release;
		};
		E9BC4C2019A36F9D00E7CA90 /* Build configuration list for PBXNativeTarget "Hoisin" */ = {
			isa = XCConfigurationList;
			buildConfigurations = (
				E9BC4C2119A36F9D00E7CA90 /* Debug */,
				E9BC4C2219A36F9D00E7CA90 /* Release */,
			);
			defaultConfigurationIsVisible = 0;
			defaultConfigurationName = Release;
		};
/* End XCConfigurationList section */
	};
	rootObject = E9BC4BF919A36F9D00E7CA90 /* Project object */;
}
